
Microsoft Visual Studio Solution File, Format Version 12.00
# Visual Studio Version 17
VisualStudioVersion = 17.3.32929.385
MinimumVisualStudioVersion = 10.0.40219.1
Project("{FAE04EC0-301F-11D3-BF4B-00C04F79EFBC}") = "DictionaryExercice", "DictionaryExercice\DictionaryExercice.csproj", "{6E38C524-B9B3-45C4-8AAB-FC8C688A27A0}"
EndProject
Global
	GlobalSection(SolutionConfigurationPlatforms) = preSolution
		Debug|Any CPU = Debug|Any CPU
		Release|Any CPU = Release|Any CPU
	EndGlobalSection
	GlobalSection(ProjectConfigurationPlatforms) = postSolution
		{6E38C524-B9B3-45C4-8AAB-FC8C688A27A0}.Debug|Any CPU.ActiveCfg = Debug|Any CPU
		{6E38C524-B9B3-45C4-8AAB-FC8C688A27A0}.Debug|Any CPU.Build.0 = Debug|Any CPU
		{6E38C524-B9B3-45C4-8AAB-FC8C688A27A0}.Release|Any CPU.ActiveCfg = Release|Any CPU
		{6E38C524-B9B3-45C4-8AAB-FC8C688A27A0}.Release|Any CPU.Build.0 = Release|Any CPU
	EndGlobalSection
	GlobalSection(SolutionProperties) = preSolution
		HideSolutionNode = FALSE
	EndGlobalSection
	GlobalSection(ExtensibilityGlobals) = postSolution
		SolutionGuid = {59C3949D-39AD-49D7-BE36-3F5B2D6C35A3}
	EndGlobalSection
EndGlobal
